
Microsoft Visual Studio Solution File, Format Version 12.00
# Visual Studio Version 17
VisualStudioVersion = 17.10.35122.118
MinimumVisualStudioVersion = 10.0.40219.1
Project("{9A19103F-16F7-4668-BE54-9A1E7A4F7556}") = "DocumentEditing", "DocumentEditing\DocumentEditing.csproj", "{28E18B7E-03CE-43C5-ADBE-703E518B9720}"
EndProject
Project("{FAE04EC0-301F-11D3-BF4B-00C04F79EFBC}") = "DocumentEditingTests", "DocumentEditingTests\DocumentEditingTests.csproj", "{05F4C5E7-2689-4211-B161-FF553A65FE4E}"
EndProject
Global
	GlobalSection(SolutionConfigurationPlatforms) = preSolution
		Debug|Any CPU = Debug|Any CPU
		Release|Any CPU = Release|Any CPU
	EndGlobalSection
	GlobalSection(ProjectConfigurationPlatforms) = postSolution
		{28E18B7E-03CE-43C5-ADBE-703E518B9720}.Debug|Any CPU.ActiveCfg = Debug|Any CPU
		{28E18B7E-03CE-43C5-ADBE-703E518B9720}.Debug|Any CPU.Build.0 = Debug|Any CPU
		{28E18B7E-03CE-43C5-ADBE-703E518B9720}.Release|Any CPU.ActiveCfg = Release|Any CPU
		{28E18B7E-03CE-43C5-ADBE-703E518B9720}.Release|Any CPU.Build.0 = Release|Any CPU
		{05F4C5E7-2689-4211-B161-FF553A65FE4E}.Debug|Any CPU.ActiveCfg = Debug|Any CPU
		{05F4C5E7-2689-4211-B161-FF553A65FE4E}.Debug|Any CPU.Build.0 = Debug|Any CPU
		{05F4C5E7-2689-4211-B161-FF553A65FE4E}.Release|Any CPU.ActiveCfg = Release|Any CPU
		{05F4C5E7-2689-4211-B161-FF553A65FE4E}.Release|Any CPU.Build.0 = Release|Any CPU
	EndGlobalSection
	GlobalSection(SolutionProperties) = preSolution
		HideSolutionNode = FALSE
	EndGlobalSection
	GlobalSection(ExtensibilityGlobals) = postSolution
		SolutionGuid = {63397429-06FD-40AA-B452-0F127FF38CBA}
	EndGlobalSection
EndGlobal
